
Microsoft Visual Studio Solution File, Format Version 12.00
# Visual Studio Version 17
VisualStudioVersion = 17.1.32210.238
MinimumVisualStudioVersion = 10.0.40219.1
Project("{FAE04EC0-301F-11D3-BF4B-00C04F79EFBC}") = "uc-7", "uc-7.csproj", "{0508D0B5-5B97-4C2A-BF6C-C9468DC12FC7}"
EndProject
Global
	GlobalSection(SolutionConfigurationPlatforms) = preSolution
		Debug|Any CPU = Debug|Any CPU
		Release|Any CPU = Release|Any CPU
	EndGlobalSection
	GlobalSection(ProjectConfigurationPlatforms) = postSolution
		{0508D0B5-5B97-4C2A-BF6C-C9468DC12FC7}.Debug|Any CPU.ActiveCfg = Debug|Any CPU
		{0508D0B5-5B97-4C2A-BF6C-C9468DC12FC7}.Debug|Any CPU.Build.0 = Debug|Any CPU
		{0508D0B5-5B97-4C2A-BF6C-C9468DC12FC7}.Release|Any CPU.ActiveCfg = Release|Any CPU
		{0508D0B5-5B97-4C2A-BF6C-C9468DC12FC7}.Release|Any CPU.Build.0 = Release|Any CPU
	EndGlobalSection
	GlobalSection(SolutionProperties) = preSolution
		HideSolutionNode = FALSE
	EndGlobalSection
	GlobalSection(ExtensibilityGlobals) = postSolution
		SolutionGuid = {7063337A-3FC9-4BF5-B48B-6936915C86BB}
	EndGlobalSection
EndGlobal
