
Microsoft Visual Studio Solution File, Format Version 12.00
# Visual Studio Version 17
VisualStudioVersion = 17.1.32210.238
MinimumVisualStudioVersion = 10.0.40219.1
Project("{FAE04EC0-301F-11D3-BF4B-00C04F79EFBC}") = "uc-13-lamba", "uc-13-lamba.csproj", "{997BC9D1-2BD3-4911-8ABF-D0B2E5F06726}"
EndProject
Global
	GlobalSection(SolutionConfigurationPlatforms) = preSolution
		Debug|Any CPU = Debug|Any CPU
		Release|Any CPU = Release|Any CPU
	EndGlobalSection
	GlobalSection(ProjectConfigurationPlatforms) = postSolution
		{997BC9D1-2BD3-4911-8ABF-D0B2E5F06726}.Debug|Any CPU.ActiveCfg = Debug|Any CPU
		{997BC9D1-2BD3-4911-8ABF-D0B2E5F06726}.Debug|Any CPU.Build.0 = Debug|Any CPU
		{997BC9D1-2BD3-4911-8ABF-D0B2E5F06726}.Release|Any CPU.ActiveCfg = Release|Any CPU
		{997BC9D1-2BD3-4911-8ABF-D0B2E5F06726}.Release|Any CPU.Build.0 = Release|Any CPU
	EndGlobalSection
	GlobalSection(SolutionProperties) = preSolution
		HideSolutionNode = FALSE
	EndGlobalSection
	GlobalSection(ExtensibilityGlobals) = postSolution
		SolutionGuid = {10DC8AB1-F8AB-4366-9A09-836AF63F17E0}
	EndGlobalSection
EndGlobal
