
Microsoft Visual Studio Solution File, Format Version 12.00
# Visual Studio Version 17
VisualStudioVersion = 17.1.32210.238
MinimumVisualStudioVersion = 10.0.40219.1
Project("{FAE04EC0-301F-11D3-BF4B-00C04F79EFBC}") = "basic", "basic.csproj", "{7AFF0258-342A-4ECD-B791-96D5463F3E90}"
EndProject
Project("{2150E333-8FDC-42A3-9474-1A3956D46DE8}") = "Solution Items", "Solution Items", "{9ABA63CB-0DAA-4F9B-ABD9-E0619E9B7A8E}"
	ProjectSection(SolutionItems) = preProject
		pattern.cs = pattern.cs
	EndProjectSection
EndProject
Global
	GlobalSection(SolutionConfigurationPlatforms) = preSolution
		Debug|Any CPU = Debug|Any CPU
		Release|Any CPU = Release|Any CPU
	EndGlobalSection
	GlobalSection(ProjectConfigurationPlatforms) = postSolution
		{7AFF0258-342A-4ECD-B791-96D5463F3E90}.Debug|Any CPU.ActiveCfg = Debug|Any CPU
		{7AFF0258-342A-4ECD-B791-96D5463F3E90}.Debug|Any CPU.Build.0 = Debug|Any CPU
		{7AFF0258-342A-4ECD-B791-96D5463F3E90}.Release|Any CPU.ActiveCfg = Release|Any CPU
		{7AFF0258-342A-4ECD-B791-96D5463F3E90}.Release|Any CPU.Build.0 = Release|Any CPU
	EndGlobalSection
	GlobalSection(SolutionProperties) = preSolution
		HideSolutionNode = FALSE
	EndGlobalSection
	GlobalSection(ExtensibilityGlobals) = postSolution
		SolutionGuid = {937D5C18-1EB7-4829-9576-53F2E76E82B3}
	EndGlobalSection
EndGlobal
